
Microsoft Visual Studio Solution File, Format Version 12.00
# Visual Studio Version 16
VisualStudioVersion = 16.0.30114.105
MinimumVisualStudioVersion = 10.0.40219.1
Project("{FAE04EC0-301F-11D3-BF4B-00C04F79EFBC}") = "ConsoleApp1", "ConsoleApp1\ConsoleApp1.csproj", "{EDFE7D06-E538-48B4-9EF8-CAEC9CD1781F}"
EndProject
Global
	GlobalSection(SolutionConfigurationPlatforms) = preSolution
		Debug|Any CPU = Debug|Any CPU
		Release|Any CPU = Release|Any CPU
	EndGlobalSection
	GlobalSection(ProjectConfigurationPlatforms) = postSolution
		{EDFE7D06-E538-48B4-9EF8-CAEC9CD1781F}.Debug|Any CPU.ActiveCfg = Debug|Any CPU
		{EDFE7D06-E538-48B4-9EF8-CAEC9CD1781F}.Debug|Any CPU.Build.0 = Debug|Any CPU
		{EDFE7D06-E538-48B4-9EF8-CAEC9CD1781F}.Release|Any CPU.ActiveCfg = Release|Any CPU
		{EDFE7D06-E538-48B4-9EF8-CAEC9CD1781F}.Release|Any CPU.Build.0 = Release|Any CPU
	EndGlobalSection
	GlobalSection(SolutionProperties) = preSolution
		HideSolutionNode = FALSE
	EndGlobalSection
	GlobalSection(ExtensibilityGlobals) = postSolution
		SolutionGuid = {8CD53860-B8D3-4207-9209-977ECA8C03C7}
	EndGlobalSection
EndGlobal
